
Microsoft Visual Studio Solution File, Format Version 12.00
# Visual Studio Version 17
VisualStudioVersion = 17.14.36414.22
MinimumVisualStudioVersion = 10.0.40219.1
Project("{2150E333-8FDC-42A3-9474-1A3956D46DE8}") = "Task0", "Task0", "{02EA681E-C7D8-13C7-8484-4AC65E1B71E8}"
EndProject
Project("{FAE04EC0-301F-11D3-BF4B-00C04F79EFBC}") = "Tyuiu.BocharovaES.Sprint4.Task0.V4", "Tyuiu.BocharovaES.Sprint4.Task0.V4\Tyuiu.BocharovaES.Sprint4.Task0.V4.csproj", "{441AEA35-6C82-414B-B21C-05C1529DF9CE}"
EndProject
Project("{FAE04EC0-301F-11D3-BF4B-00C04F79EFBC}") = "Tyuiu.BocharovaES.Sprint4.Task0.V4.Lib", "Tyuiu.BocharovaES.Sprint4.Task0.V4.Lib\Tyuiu.BocharovaES.Sprint4.Task0.V4.Lib.csproj", "{EB671AB7-A0BE-4421-8B51-BA8176F9D21E}"
EndProject
Project("{FAE04EC0-301F-11D3-BF4B-00C04F79EFBC}") = "Tyuiu.BocharovaES.Sprint4.Task0.V4.Test", "Tyuiu.BocharovaES.Sprint4.Task0.V4.Test\Tyuiu.BocharovaES.Sprint4.Task0.V4.Test.csproj", "{C243CD09-F893-48FC-BE8D-DAB1178D187C}"
EndProject
Project("{2150E333-8FDC-42A3-9474-1A3956D46DE8}") = "Task1", "Task1", "{FB37AD39-CF2B-4C07-A0F3-8BCFBE377D8A}"
EndProject
Project("{FAE04EC0-301F-11D3-BF4B-00C04F79EFBC}") = "Tyuiu.BocharovaES.Sprint4.Task1.V20", "Tyuiu.BocharovaES.Sprint4.Task1.V20\Tyuiu.BocharovaES.Sprint4.Task1.V20.csproj", "{9DA6C9D7-6454-4B44-883F-64C654150D8B}"
EndProject
Project("{FAE04EC0-301F-11D3-BF4B-00C04F79EFBC}") = "Tyuiu.BocharovaES.Sprint4.Task1.V20.Lib", "Tyuiu.BocharovaES.Sprint4.Task1.V20.Lib\Tyuiu.BocharovaES.Sprint4.Task1.V20.Lib.csproj", "{6BCE3F86-C26C-4AFB-96B3-2B48BFAA6C20}"
EndProject
Project("{FAE04EC0-301F-11D3-BF4B-00C04F79EFBC}") = "Tyuiu.BocharovaES.Sprint4.Task1.V20.Test", "Tyuiu.BocharovaES.Sprint4.Task1.V20.Test\Tyuiu.BocharovaES.Sprint4.Task1.V20.Test.csproj", "{6DD2385D-3FEF-44AF-9CED-22F5C586A9B1}"
EndProject
Project("{2150E333-8FDC-42A3-9474-1A3956D46DE8}") = "Task2", "Task2", "{C584C234-86D1-43A7-B8E1-FBDDFDF0F4F6}"
EndProject
Project("{FAE04EC0-301F-11D3-BF4B-00C04F79EFBC}") = "Tyuiu.BocharovaES.Sprint4.Task2.V4", "Tyuiu.BocharovaES.Sprint4.Task2.V4\Tyuiu.BocharovaES.Sprint4.Task2.V4.csproj", "{3095CDA9-76D6-41EF-A924-AAAB777E1A9F}"
EndProject
Project("{FAE04EC0-301F-11D3-BF4B-00C04F79EFBC}") = "Tyuiu.BocharovaES.Sprint4.Task2.V4.Lib", "Tyuiu.BocharovaES.Sprint4.Task2.V4.Lib\Tyuiu.BocharovaES.Sprint4.Task2.V4.Lib.csproj", "{F8957D4D-F1B1-4058-BC96-426FFB65D8A8}"
EndProject
Project("{FAE04EC0-301F-11D3-BF4B-00C04F79EFBC}") = "Tyuiu.BocharovaES.Sprint4.Task2.V4.Test", "Tyuiu.BocharovaES.Sprint4.Task2.V4.Test\Tyuiu.BocharovaES.Sprint4.Task2.V4.Test.csproj", "{0BAD5869-E04A-42F7-B748-8BC56207DED9}"
EndProject
Project("{2150E333-8FDC-42A3-9474-1A3956D46DE8}") = "Task3", "Task3", "{1DAF7A11-3845-4FBC-9670-AF19AA699DB6}"
EndProject
Project("{FAE04EC0-301F-11D3-BF4B-00C04F79EFBC}") = "Tyuiu.BocharovaES.Sprint4.Task3.V22", "Tyuiu.BocharovaES.Sprint4.Task3.V22\Tyuiu.BocharovaES.Sprint4.Task3.V22.csproj", "{F98B0D2D-7EC9-461A-9E36-F16331070C6C}"
EndProject
Project("{FAE04EC0-301F-11D3-BF4B-00C04F79EFBC}") = "Tyuiu.BocharovaES.Sprint4.Task3.V22.Lib", "Tyuiu.BocharovaES.Sprint4.Task3.V22.Lib\Tyuiu.BocharovaES.Sprint4.Task3.V22.Lib.csproj", "{348A313F-33AC-4B6A-A841-407C28996A86}"
EndProject
Project("{FAE04EC0-301F-11D3-BF4B-00C04F79EFBC}") = "Tyuiu.BocharovaES.Sprint4.Task3.V22.Test", "Tyuiu.BocharovaES.Sprint4.Task3.V22.Test\Tyuiu.BocharovaES.Sprint4.Task3.V22.Test.csproj", "{9257F42C-D97D-4F49-AEFD-5D8E147AA826}"
EndProject
Project("{2150E333-8FDC-42A3-9474-1A3956D46DE8}") = "Task4", "Task4", "{1997D960-814D-4553-BF16-75016118C370}"
EndProject
Project("{FAE04EC0-301F-11D3-BF4B-00C04F79EFBC}") = "Tyuiu.BocharovaES.Sprint4.Task4.V21", "Tyuiu.BocharovaES.Sprint4.Task4.V21\Tyuiu.BocharovaES.Sprint4.Task4.V21.csproj", "{B5BB9F25-E47A-42BE-BB79-E7DBE8240E24}"
EndProject
Project("{FAE04EC0-301F-11D3-BF4B-00C04F79EFBC}") = "Tyuiu.BocharovaES.Sprint4.Task4.V21.Lib", "Tyuiu.BocharovaES.Sprint4.Task4.V21.Lib\Tyuiu.BocharovaES.Sprint4.Task4.V21.Lib.csproj", "{666CB3BD-B896-4EA7-A23E-384C12D3E92A}"
EndProject
Project("{FAE04EC0-301F-11D3-BF4B-00C04F79EFBC}") = "Tyuiu.BocharovaES.Sprint4.Task4.V21.Test", "Tyuiu.BocharovaES.Sprint4.Task4.V21.Test\Tyuiu.BocharovaES.Sprint4.Task4.V21.Test.csproj", "{ACBB7166-3678-41F9-A887-3728F8661534}"
EndProject
Project("{2150E333-8FDC-42A3-9474-1A3956D46DE8}") = "Task5", "Task5", "{AF5CD642-13FA-46F2-B792-2115E5887970}"
EndProject
Project("{FAE04EC0-301F-11D3-BF4B-00C04F79EFBC}") = "Tyuiu.BocharovaES.Sprint4.Task5.V1", "Tyuiu.BocharovaES.Sprint4.Task5.V1\Tyuiu.BocharovaES.Sprint4.Task5.V1.csproj", "{26EA30EB-F7B7-460B-BE4A-29FBBC3A56FC}"
EndProject
Project("{FAE04EC0-301F-11D3-BF4B-00C04F79EFBC}") = "Tyuiu.BocharovaES.Sprint4.Task5.V1.Lib", "Tyuiu.BocharovaES.Sprint4.Task5.V1.Lib\Tyuiu.BocharovaES.Sprint4.Task5.V1.Lib.csproj", "{969CF41E-7F7C-4DB5-8171-F0CB31A77EE1}"
EndProject
Project("{FAE04EC0-301F-11D3-BF4B-00C04F79EFBC}") = "Tyuiu.BocharovaES.Sprint4.Task5.V1.Test", "Tyuiu.BocharovaES.Sprint4.Task5.V1.Test\Tyuiu.BocharovaES.Sprint4.Task5.V1.Test.csproj", "{3DD57122-BF9E-4301-9C83-E8048E2EFA65}"
EndProject
Global
	GlobalSection(SolutionConfigurationPlatforms) = preSolution
		Debug|Any CPU = Debug|Any CPU
		Release|Any CPU = Release|Any CPU
	EndGlobalSection
	GlobalSection(ProjectConfigurationPlatforms) = postSolution
		{441AEA35-6C82-414B-B21C-05C1529DF9CE}.Debug|Any CPU.ActiveCfg = Debug|Any CPU
		{441AEA35-6C82-414B-B21C-05C1529DF9CE}.Debug|Any CPU.Build.0 = Debug|Any CPU
		{441AEA35-6C82-414B-B21C-05C1529DF9CE}.Release|Any CPU.ActiveCfg = Release|Any CPU
		{441AEA35-6C82-414B-B21C-05C1529DF9CE}.Release|Any CPU.Build.0 = Release|Any CPU
		{EB671AB7-A0BE-4421-8B51-BA8176F9D21E}.Debug|Any CPU.ActiveCfg = Debug|Any CPU
		{EB671AB7-A0BE-4421-8B51-BA8176F9D21E}.Debug|Any CPU.Build.0 = Debug|Any CPU
		{EB671AB7-A0BE-4421-8B51-BA8176F9D21E}.Release|Any CPU.ActiveCfg = Release|Any CPU
		{EB671AB7-A0BE-4421-8B51-BA8176F9D21E}.Release|Any CPU.Build.0 = Release|Any CPU
		{C243CD09-F893-48FC-BE8D-DAB1178D187C}.Debug|Any CPU.ActiveCfg = Debug|Any CPU
		{C243CD09-F893-48FC-BE8D-DAB1178D187C}.Debug|Any CPU.Build.0 = Debug|Any CPU
		{C243CD09-F893-48FC-BE8D-DAB1178D187C}.Release|Any CPU.ActiveCfg = Release|Any CPU
		{C243CD09-F893-48FC-BE8D-DAB1178D187C}.Release|Any CPU.Build.0 = Release|Any CPU
		{9DA6C9D7-6454-4B44-883F-64C654150D8B}.Debug|Any CPU.ActiveCfg = Debug|Any CPU
		{9DA6C9D7-6454-4B44-883F-64C654150D8B}.Debug|Any CPU.Build.0 = Debug|Any CPU
		{9DA6C9D7-6454-4B44-883F-64C654150D8B}.Release|Any CPU.ActiveCfg = Release|Any CPU
		{9DA6C9D7-6454-4B44-883F-64C654150D8B}.Release|Any CPU.Build.0 = Release|Any CPU
		{6BCE3F86-C26C-4AFB-96B3-2B48BFAA6C20}.Debug|Any CPU.ActiveCfg = Debug|Any CPU
		{6BCE3F86-C26C-4AFB-96B3-2B48BFAA6C20}.Debug|Any CPU.Build.0 = Debug|Any CPU
		{6BCE3F86-C26C-4AFB-96B3-2B48BFAA6C20}.Release|Any CPU.ActiveCfg = Release|Any CPU
		{6BCE3F86-C26C-4AFB-96B3-2B48BFAA6C20}.Release|Any CPU.Build.0 = Release|Any CPU
		{6DD2385D-3FEF-44AF-9CED-22F5C586A9B1}.Debug|Any CPU.ActiveCfg = Debug|Any CPU
		{6DD2385D-3FEF-44AF-9CED-22F5C586A9B1}.Debug|Any CPU.Build.0 = Debug|Any CPU
		{6DD2385D-3FEF-44AF-9CED-22F5C586A9B1}.Release|Any CPU.ActiveCfg = Release|Any CPU
		{6DD2385D-3FEF-44AF-9CED-22F5C586A9B1}.Release|Any CPU.Build.0 = Release|Any CPU
		{3095CDA9-76D6-41EF-A924-AAAB777E1A9F}.Debug|Any CPU.ActiveCfg = Debug|Any CPU
		{3095CDA9-76D6-41EF-A924-AAAB777E1A9F}.Debug|Any CPU.Build.0 = Debug|Any CPU
		{3095CDA9-76D6-41EF-A924-AAAB777E1A9F}.Release|Any CPU.ActiveCfg = Release|Any CPU
		{3095CDA9-76D6-41EF-A924-AAAB777E1A9F}.Release|Any CPU.Build.0 = Release|Any CPU
		{F8957D4D-F1B1-4058-BC96-426FFB65D8A8}.Debug|Any CPU.ActiveCfg = Debug|Any CPU
		{F8957D4D-F1B1-4058-BC96-426FFB65D8A8}.Debug|Any CPU.Build.0 = Debug|Any CPU
		{F8957D4D-F1B1-4058-BC96-426FFB65D8A8}.Release|Any CPU.ActiveCfg = Release|Any CPU
		{F8957D4D-F1B1-4058-BC96-426FFB65D8A8}.Release|Any CPU.Build.0 = Release|Any CPU
		{0BAD5869-E04A-42F7-B748-8BC56207DED9}.Debug|Any CPU.ActiveCfg = Debug|Any CPU
		{0BAD5869-E04A-42F7-B748-8BC56207DED9}.Debug|Any CPU.Build.0 = Debug|Any CPU
		{0BAD5869-E04A-42F7-B748-8BC56207DED9}.Release|Any CPU.ActiveCfg = Release|Any CPU
		{0BAD5869-E04A-42F7-B748-8BC56207DED9}.Release|Any CPU.Build.0 = Release|Any CPU
		{F98B0D2D-7EC9-461A-9E36-F16331070C6C}.Debug|Any CPU.ActiveCfg = Debug|Any CPU
		{F98B0D2D-7EC9-461A-9E36-F16331070C6C}.Debug|Any CPU.Build.0 = Debug|Any CPU
		{F98B0D2D-7EC9-461A-9E36-F16331070C6C}.Release|Any CPU.ActiveCfg = Release|Any CPU
		{F98B0D2D-7EC9-461A-9E36-F16331070C6C}.Release|Any CPU.Build.0 = Release|Any CPU
		{348A313F-33AC-4B6A-A841-407C28996A86}.Debug|Any CPU.ActiveCfg = Debug|Any CPU
		{348A313F-33AC-4B6A-A841-407C28996A86}.Debug|Any CPU.Build.0 = Debug|Any CPU
		{348A313F-33AC-4B6A-A841-407C28996A86}.Release|Any CPU.ActiveCfg = Release|Any CPU
		{348A313F-33AC-4B6A-A841-407C28996A86}.Release|Any CPU.Build.0 = Release|Any CPU
		{9257F42C-D97D-4F49-AEFD-5D8E147AA826}.Debug|Any CPU.ActiveCfg = Debug|Any CPU
		{9257F42C-D97D-4F49-AEFD-5D8E147AA826}.Debug|Any CPU.Build.0 = Debug|Any CPU
		{9257F42C-D97D-4F49-AEFD-5D8E147AA826}.Release|Any CPU.ActiveCfg = Release|Any CPU
		{9257F42C-D97D-4F49-AEFD-5D8E147AA826}.Release|Any CPU.Build.0 = Release|Any CPU
		{B5BB9F25-E47A-42BE-BB79-E7DBE8240E24}.Debug|Any CPU.ActiveCfg = Debug|Any CPU
		{B5BB9F25-E47A-42BE-BB79-E7DBE8240E24}.Debug|Any CPU.Build.0 = Debug|Any CPU
		{B5BB9F25-E47A-42BE-BB79-E7DBE8240E24}.Release|Any CPU.ActiveCfg = Release|Any CPU
		{B5BB9F25-E47A-42BE-BB79-E7DBE8240E24}.Release|Any CPU.Build.0 = Release|Any CPU
		{666CB3BD-B896-4EA7-A23E-384C12D3E92A}.Debug|Any CPU.ActiveCfg = Debug|Any CPU
		{666CB3BD-B896-4EA7-A23E-384C12D3E92A}.Debug|Any CPU.Build.0 = Debug|Any CPU
		{666CB3BD-B896-4EA7-A23E-384C12D3E92A}.Release|Any CPU.ActiveCfg = Release|Any CPU
		{666CB3BD-B896-4EA7-A23E-384C12D3E92A}.Release|Any CPU.Build.0 = Release|Any CPU
		{ACBB7166-3678-41F9-A887-3728F8661534}.Debug|Any CPU.ActiveCfg = Debug|Any CPU
		{ACBB7166-3678-41F9-A887-3728F8661534}.Debug|Any CPU.Build.0 = Debug|Any CPU
		{ACBB7166-3678-41F9-A887-3728F8661534}.Release|Any CPU.ActiveCfg = Release|Any CPU
		{ACBB7166-3678-41F9-A887-3728F8661534}.Release|Any CPU.Build.0 = Release|Any CPU
		{26EA30EB-F7B7-460B-BE4A-29FBBC3A56FC}.Debug|Any CPU.ActiveCfg = Debug|Any CPU
		{26EA30EB-F7B7-460B-BE4A-29FBBC3A56FC}.Debug|Any CPU.Build.0 = Debug|Any CPU
		{26EA30EB-F7B7-460B-BE4A-29FBBC3A56FC}.Release|Any CPU.ActiveCfg = Release|Any CPU
		{26EA30EB-F7B7-460B-BE4A-29FBBC3A56FC}.Release|Any CPU.Build.0 = Release|Any CPU
		{969CF41E-7F7C-4DB5-8171-F0CB31A77EE1}.Debug|Any CPU.ActiveCfg = Debug|Any CPU
		{969CF41E-7F7C-4DB5-8171-F0CB31A77EE1}.Debug|Any CPU.Build.0 = Debug|Any CPU
		{969CF41E-7F7C-4DB5-8171-F0CB31A77EE1}.Release|Any CPU.ActiveCfg = Release|Any CPU
		{969CF41E-7F7C-4DB5-8171-F0CB31A77EE1}.Release|Any CPU.Build.0 = Release|Any CPU
		{3DD57122-BF9E-4301-9C83-E8048E2EFA65}.Debug|Any CPU.ActiveCfg = Debug|Any CPU
		{3DD57122-BF9E-4301-9C83-E8048E2EFA65}.Debug|Any CPU.Build.0 = Debug|Any CPU
		{3DD57122-BF9E-4301-9C83-E8048E2EFA65}.Release|Any CPU.ActiveCfg = Release|Any CPU
		{3DD57122-BF9E-4301-9C83-E8048E2EFA65}.Release|Any CPU.Build.0 = Release|Any CPU
	EndGlobalSection
	GlobalSection(SolutionProperties) = preSolution
		HideSolutionNode = FALSE
	EndGlobalSection
	GlobalSection(NestedProjects) = preSolution
		{441AEA35-6C82-414B-B21C-05C1529DF9CE} = {02EA681E-C7D8-13C7-8484-4AC65E1B71E8}
		{EB671AB7-A0BE-4421-8B51-BA8176F9D21E} = {02EA681E-C7D8-13C7-8484-4AC65E1B71E8}
		{C243CD09-F893-48FC-BE8D-DAB1178D187C} = {02EA681E-C7D8-13C7-8484-4AC65E1B71E8}
		{9DA6C9D7-6454-4B44-883F-64C654150D8B} = {FB37AD39-CF2B-4C07-A0F3-8BCFBE377D8A}
		{6BCE3F86-C26C-4AFB-96B3-2B48BFAA6C20} = {FB37AD39-CF2B-4C07-A0F3-8BCFBE377D8A}
		{6DD2385D-3FEF-44AF-9CED-22F5C586A9B1} = {FB37AD39-CF2B-4C07-A0F3-8BCFBE377D8A}
		{3095CDA9-76D6-41EF-A924-AAAB777E1A9F} = {C584C234-86D1-43A7-B8E1-FBDDFDF0F4F6}
		{F8957D4D-F1B1-4058-BC96-426FFB65D8A8} = {C584C234-86D1-43A7-B8E1-FBDDFDF0F4F6}
		{0BAD5869-E04A-42F7-B748-8BC56207DED9} = {C584C234-86D1-43A7-B8E1-FBDDFDF0F4F6}
		{F98B0D2D-7EC9-461A-9E36-F16331070C6C} = {1DAF7A11-3845-4FBC-9670-AF19AA699DB6}
		{348A313F-33AC-4B6A-A841-407C28996A86} = {1DAF7A11-3845-4FBC-9670-AF19AA699DB6}
		{9257F42C-D97D-4F49-AEFD-5D8E147AA826} = {1DAF7A11-3845-4FBC-9670-AF19AA699DB6}
		{B5BB9F25-E47A-42BE-BB79-E7DBE8240E24} = {1997D960-814D-4553-BF16-75016118C370}
		{666CB3BD-B896-4EA7-A23E-384C12D3E92A} = {1997D960-814D-4553-BF16-75016118C370}
		{ACBB7166-3678-41F9-A887-3728F8661534} = {1997D960-814D-4553-BF16-75016118C370}
		{26EA30EB-F7B7-460B-BE4A-29FBBC3A56FC} = {AF5CD642-13FA-46F2-B792-2115E5887970}
		{969CF41E-7F7C-4DB5-8171-F0CB31A77EE1} = {AF5CD642-13FA-46F2-B792-2115E5887970}
		{3DD57122-BF9E-4301-9C83-E8048E2EFA65} = {AF5CD642-13FA-46F2-B792-2115E5887970}
	EndGlobalSection
	GlobalSection(ExtensibilityGlobals) = postSolution
		SolutionGuid = {950E3E9F-AB69-412D-BC77-5C206A2A581D}
	EndGlobalSection
EndGlobal
